# Windows CPython313 CPU only; exact reviewed wheel hashes.
apsw==3.53.4.0 --hash=sha256:ac1b011f3301c6fbe51c4ccc43ceaab74266adedaf00e7d96acbaa38f3377835
sqlite-vec==0.1.9 --hash=sha256:4a28dc12fa4b53d7b1dced22da2488fade444e96b5d16fd2d698cd670675cf32
torch==2.9.1+cpu --hash=sha256:404a7ab2fffaf2ca069e662f331eb46313692b2f1630df2720094284f390ccef
transformers==4.57.1 --hash=sha256:b10d05da8fa67dc41644dbbf9bc45a44cb86ae33da6f9295f5fbf5b7890bd267
tokenizers==0.22.1 --hash=sha256:65fd6e3fb11ca1e78a6a93602490f134d1fdeb13bcef99389d5102ea318ed138
safetensors==0.6.2 --hash=sha256:c7b214870df923cbc1593c3faee16bec59ea462758699bd3fee399d00aac072c
huggingface-hub==0.36.0 --hash=sha256:7bcc9ad17d5b3f07b57c78e79d527102d08313caa278a641993acddcb894548d
hf-xet==1.2.0 --hash=sha256:e6584a52253f72c9f52f9e549d5895ca7a471608495c4ecaa6cc73dba2b24d69
numpy==2.3.4 --hash=sha256:56209416e81a7893036eea03abcb91c130643eb14233b2515c90dcac963fe99d
filelock==3.19.1 --hash=sha256:d38e30481def20772f5baf097c122c3babc4fcdb7e14e57049eb9d88c6dc017d
fsspec==2025.9.0 --hash=sha256:530dc2a2af60a414a832059574df4a6e10cce927f6f4a78209390fe38955cfb7
packaging==25.0 --hash=sha256:29572ef2b1f17581046b3a2227d5c611fb25ec70ca1ba8554b24b0e69331a484
pyyaml==6.0.3 --hash=sha256:79005a0d97d5ddabfeeea4cf676af11e647e41d81c9a7722a193022accdb6b7c
regex==2025.9.18 --hash=sha256:16eaf74b3c4180ede88f620f299e474913ab6924d5c4b89b3833bc2345d83b3d
requests==2.32.5 --hash=sha256:2462f94637a34fd532264295e186976db0f5d453d1cdd31473c85a6a161affb6
tqdm==4.67.1 --hash=sha256:26445eca388f82e72884e0d580d5464cd801a3ea01e63e5601bdff9ba6a48de2
typing-extensions==4.15.0 --hash=sha256:f0fa19c6845758ab08074a0cfa8b7aecb71c999ca73d62883bc25cc018c4e548
jinja2==3.1.6 --hash=sha256:85ece4451f492d0c13c5dd7c13a64681a86afae63a5f347908daf103ce6d2f67
markupsafe==3.0.3 --hash=sha256:9a1abfdc021a164803f4d485104931fb8f8c1efd55bc6b748d2f5774e78b62c5
networkx==3.5 --hash=sha256:0030d386a9a06dee3565298b4a734b68589749a544acbb6c412dc9e2489ec6ec
sympy==1.14.0 --hash=sha256:e091cc3e99d2141a0ba2847328f5479b05d94a6635cb96148ccb3f34671bd8f5
mpmath==1.3.0 --hash=sha256:a0b2b9fe80bbcd81a6647ff13108738cfb482d481d826cc0e02f5b35e5c88d2c
charset-normalizer==3.4.4 --hash=sha256:b435cba5f4f750aa6c0a0d92c541fb79f69a387c91e61f1795227e4ed9cece14
idna==3.11 --hash=sha256:771a87f49d9defaf64091e6e6fe9c18d4833f140bd19464795bc32d966ca37ea
urllib3==2.5.0 --hash=sha256:e6b01673c0fa6a13e374b50871808eb3bf7046c4b125b216f6bf1cc604cff0dc
certifi==2025.10.5 --hash=sha256:0f212c2744a9bb6de0c56639a6f68afe01ecd92d91f14ae897c4fe7bbeeef0de
colorama==0.4.6 --hash=sha256:4f1d9991f5acc0ca119f9d443620b77f9d6b33703e51011c16baf57afb285fc6
setuptools==80.9.0 --hash=sha256:062d34222ad13e0cc312a4c02d73f059e86a4acbfbdea8f8f76b28c99f306922
psutil==7.1.0 --hash=sha256:57f5e987c36d3146c0dd2528cd42151cf96cd359b9d67cfff836995cc5df9a3d
